
Microsoft Visual Studio Solution File, Format Version 12.00
Project("{FAE04EC0-301F-11D3-BF4B-00C04F79EFBC}") = "slocLoader", "slocLoader\slocLoader.csproj", "{5877B985-1E58-4AFD-82C9-8C55BE8D9F26}"
EndProject
Global
	GlobalSection(SolutionConfigurationPlatforms) = preSolution
		EXILED|Any CPU = EXILED|Any CPU
		NW|Any CPU = NW|Any CPU
	EndGlobalSection
	GlobalSection(ProjectConfigurationPlatforms) = postSolution
		{5877B985-1E58-4AFD-82C9-8C55BE8D9F26}.EXILED|Any CPU.ActiveCfg = EXILED|Any CPU
		{5877B985-1E58-4AFD-82C9-8C55BE8D9F26}.EXILED|Any CPU.Build.0 = EXILED|Any CPU
		{5877B985-1E58-4AFD-82C9-8C55BE8D9F26}.NW|Any CPU.ActiveCfg = NW|Any CPU
		{5877B985-1E58-4AFD-82C9-8C55BE8D9F26}.NW|Any CPU.Build.0 = NW|Any CPU
	EndGlobalSection
EndGlobal
