
Microsoft Visual Studio Solution File, Format Version 12.00
Project("{FAE04EC0-301F-11D3-BF4B-00C04F79EFBC}") = "slocLoader", "slocLoader\slocLoader.csproj", "{5877B985-1E58-4AFD-82C9-8C55BE8D9F26}"
EndProject
Global
	GlobalSection(SolutionConfigurationPlatforms) = preSolution
		LabApi|Any CPU = LabApi|Any CPU
	EndGlobalSection
	GlobalSection(ProjectConfigurationPlatforms) = postSolution
		{5877B985-1E58-4AFD-82C9-8C55BE8D9F26}.LabApi|Any CPU.ActiveCfg = LabApi|Any CPU
		{5877B985-1E58-4AFD-82C9-8C55BE8D9F26}.LabApi|Any CPU.Build.0 = LabApi|Any CPU
	EndGlobalSection
EndGlobal
